{
    "name": "iteratedexperiment",
    "version": "1.0.0",
    "lockfileVersion": 2,
    "requires": true,
    "packages": {
        "": {
            "name": "iteratedexperiment",
            "version": "1.0.0",
            "license": "ISC",
            "dependencies": {
                "babe-project": "0.0.25",
                "phoenix": "^1.4.0"
            }
        },
        "node_modules/babe-project": {
            "version": "0.0.25",
            "resolved": "https://registry.npmjs.org/babe-project/-/babe-project-0.0.25.tgz",
            "integrity": "sha512-/LuOgm19X/zJlaXXLcpLYr0MJT8eIbVlf1cfUIMKHZGw0PJOtErn9KgCVXzVPwgai2Llx8BZXygAzTh7qekSZw==",
            "dependencies": {
                "csv-js": "^1.0.0",
                "jquery": "^3.3.1"
            }
        },
        "node_modules/csv-js": {
            "version": "1.0.0",
            "resolved": "https://registry.npmjs.org/csv-js/-/csv-js-1.0.0.tgz",
            "integrity": "sha1-uq0z4qQmfLO6942meq7zmNUmOek="
        },
        "node_modules/jquery": {
            "version": "3.6.4",
            "resolved": "https://registry.npmjs.org/jquery/-/jquery-3.6.4.tgz",
            "integrity": "sha512-v28EW9DWDFpzcD9O5iyJXg3R3+q+mET5JhnjJzQUZMHOv67bpSIHq81GEYpPNZHG+XXHsfSme3nxp/hndKEcsQ=="
        },
        "node_modules/phoenix": {
            "version": "1.4.0",
            "resolved": "https://registry.npmjs.org/phoenix/-/phoenix-1.4.0.tgz",
            "integrity": "sha512-+M7erjPRtrHM53Bc9sT/WSyNFOEhsAc48PBsex0R87hu0GhBRMNE2uAb8MT2gKtJmAYxv5Quaozh/PBuhO8tdQ=="
        }
    },
    "dependencies": {
        "babe-project": {
            "version": "0.0.25",
            "resolved": "https://registry.npmjs.org/babe-project/-/babe-project-0.0.25.tgz",
            "integrity": "sha512-/LuOgm19X/zJlaXXLcpLYr0MJT8eIbVlf1cfUIMKHZGw0PJOtErn9KgCVXzVPwgai2Llx8BZXygAzTh7qekSZw==",
            "requires": {
                "csv-js": "^1.0.0",
                "jquery": "^3.3.1"
            }
        },
        "csv-js": {
            "version": "1.0.0",
            "resolved": "https://registry.npmjs.org/csv-js/-/csv-js-1.0.0.tgz",
            "integrity": "sha1-uq0z4qQmfLO6942meq7zmNUmOek="
        },
        "jquery": {
            "version": "3.6.4",
            "resolved": "https://registry.npmjs.org/jquery/-/jquery-3.6.4.tgz",
            "integrity": "sha512-v28EW9DWDFpzcD9O5iyJXg3R3+q+mET5JhnjJzQUZMHOv67bpSIHq81GEYpPNZHG+XXHsfSme3nxp/hndKEcsQ=="
        },
        "phoenix": {
            "version": "1.4.0",
            "resolved": "https://registry.npmjs.org/phoenix/-/phoenix-1.4.0.tgz",
            "integrity": "sha512-+M7erjPRtrHM53Bc9sT/WSyNFOEhsAc48PBsex0R87hu0GhBRMNE2uAb8MT2gKtJmAYxv5Quaozh/PBuhO8tdQ=="
        }
    }
}
